PODS:
  - DevExtensions (0.0.2)
  - DevPlayer (0.0.1):
    - RxCocoa (= 6.0.0)
    - RxSwift (= 6.0.0)
  - Kingfisher (6.0.1)
  - RxCocoa (6.0.0):
    - RxRelay (= 6.0.0)
    - RxSwift (= 6.0.0)
  - RxRelay (6.0.0):
    - RxSwift (= 6.0.0)
  - RxSwift (6.0.0)
  - RxTest (6.0.0):
    - RxSwift (= 6.0.0)
  - SwiftLint (0.42.0)

DEPENDENCIES:
  - DevExtensions (from `../DevPods`)
  - DevPlayer (from `../DevPods`)
  - Kingfisher
  - RxCocoa
  - RxSwift
  - RxTest
  - SwiftLint

SPEC REPOS:
  trunk:
    - Kingfisher
    - RxCocoa
    - RxRelay
    - RxSwift
    - RxTest
    - SwiftLint

EXTERNAL SOURCES:
  DevExtensions:
    :path: "../DevPods"
  DevPlayer:
    :path: "../DevPods"

SPEC CHECKSUMS:
  DevExtensions: 089bc1281e77ee5bb1bc07a942b716cfad9ab5dd
  DevPlayer: e3637a112ab42044161344760261cc574530a28d
  Kingfisher: adde87a4f74f6a3845395769354efff593581740
  RxCocoa: 3f79328fafa3645b34600f37c31e64c73ae3a80e
  RxRelay: 8d593be109c06ea850df027351beba614b012ffb
  RxSwift: c14e798c59b9f6e9a2df8fd235602e85cc044295
  RxTest: ddef4052e63cb116f5b73510488c3113c37c62e5
  SwiftLint: 4fa9579c63416865179bc416f0a92d55f009600d

PODFILE CHECKSUM: e0d748b1f845c8a5d69a0825d2e5798ca951ea7b

COCOAPODS: 1.9.3
