PODS:
  - DevExtensions (0.0.2)
  - Kingfisher (5.15.8):
    - Kingfisher/Core (= 5.15.8)
  - Kingfisher/Core (5.15.8)
  - RxCocoa (5.1.1):
    - RxRelay (~> 5)
    - RxSwift (~> 5)
  - RxRelay (5.1.1):
    - RxSwift (~> 5)
  - RxSwift (5.1.1)
  - RxTest (5.1.1):
    - RxSwift (~> 5)
  - SwiftLint (0.42.0)

DEPENDENCIES:
  - DevExtensions (from `https://github.com/abuzeid-ibrahim/DevPods.git`)
  - Kingfisher
  - RxCocoa
  - RxSwift
  - RxTest
  - SwiftLint

SPEC REPOS:
  trunk:
    - Kingfisher
    - RxCocoa
    - RxRelay
    - RxSwift
    - RxTest
    - SwiftLint

EXTERNAL SOURCES:
  DevExtensions:
    :git: https://github.com/abuzeid-ibrahim/DevPods.git

CHECKOUT OPTIONS:
  DevExtensions:
    :commit: a533af9518b20175119a60f24c44954b33eb1ed7
    :git: https://github.com/abuzeid-ibrahim/DevPods.git

SPEC CHECKSUMS:
  DevExtensions: 089bc1281e77ee5bb1bc07a942b716cfad9ab5dd
  Kingfisher: a3c03d702433fa6cfedabb2bddbe076fb8f2e902
  RxCocoa: 32065309a38d29b5b0db858819b5bf9ef038b601
  RxRelay: d77f7d771495f43c556cbc43eebd1bb54d01e8e9
  RxSwift: 81470a2074fa8780320ea5fe4102807cb7118178
  RxTest: 711632d5644dffbeb62c936a521b5b008a1e1faa
  SwiftLint: 4fa9579c63416865179bc416f0a92d55f009600d

PODFILE CHECKSUM: 30cff72c6337316ddac0e4b93b66f9a750f605e0

COCOAPODS: 1.9.3
