// !$*UTF8*$!
{
	archiveVersion = 1;
	classes = {
	};
	objectVersion = 51;
	objects = {

/* Begin PBXBuildFile section */
		56C78B2CE22E3C5E3CE6224A /* Pods_UPlayer.framework in Frameworks */ = {isa = PBXBuildFile; fileRef = 404436460F53FAADEFF168A5 /* Pods_UPlayer.framework */; };
		6C0ADE07256D99B800522733 /* AppDelegate.swift in Sources */ = {isa = PBXBuildFile; fileRef = 6C0ADE06256D99B800522733 /* AppDelegate.swift */; };
		6C0ADE09256D99B800522733 /* SceneDelegate.swift in Sources */ = {isa = PBXBuildFile; fileRef = 6C0ADE08256D99B800522733 /* SceneDelegate.swift */; };
		6C0ADE0D256D99BA00522733 /* Assets.xcassets in Resources */ = {isa = PBXBuildFile; fileRef = 6C0ADE0C256D99BA00522733 /* Assets.xcassets */; };
		6C0ADE13256D99BA00522733 /* LaunchScreen.storyboard in Resources */ = {isa = PBXBuildFile; fileRef = 6C0ADE11256D99BA00522733 /* LaunchScreen.storyboard */; };
		6C0ADE1E256D99BA00522733 /* ArtistsViewModelTests.swift in Sources */ = {isa = PBXBuildFile; fileRef = 6C0ADE1D256D99BA00522733 /* ArtistsViewModelTests.swift */; };
		6C0ADE29256D99BA00522733 /* UPlayerUITests.swift in Sources */ = {isa = PBXBuildFile; fileRef = 6C0ADE28256D99BA00522733 /* UPlayerUITests.swift */; };
		6C0ADE3D256D9A9700522733 /* PopulerTracksController.swift in Sources */ = {isa = PBXBuildFile; fileRef = 6C0ADE3C256D9A9700522733 /* PopulerTracksController.swift */; };
		6C0ADE5B256D9D9500522733 /* APIClient.swift in Sources */ = {isa = PBXBuildFile; fileRef = 6C0ADE53256D9D9500522733 /* APIClient.swift */; };
		6C0ADE5D256D9D9500522733 /* RequestBuilder.swift in Sources */ = {isa = PBXBuildFile; fileRef = 6C0ADE55256D9D9500522733 /* RequestBuilder.swift */; };
		6C0ADE5E256D9D9500522733 /* Pageable.swift in Sources */ = {isa = PBXBuildFile; fileRef = 6C0ADE56256D9D9500522733 /* Pageable.swift */; };
		6C0ADE5F256D9D9500522733 /* ImageDownloader.swift in Sources */ = {isa = PBXBuildFile; fileRef = 6C0ADE57256D9D9500522733 /* ImageDownloader.swift */; };
		6C0ADE62256D9D9500522733 /* NetworkError.swift in Sources */ = {isa = PBXBuildFile; fileRef = 6C0ADE5A256D9D9500522733 /* NetworkError.swift */; };
		6C0ADE64256D9E3A00522733 /* PopulerTracksViewModel.swift in Sources */ = {isa = PBXBuildFile; fileRef = 6C0ADE63256D9E3A00522733 /* PopulerTracksViewModel.swift */; };
		6C0ADE67256D9F4200522733 /* SongTableCell.swift in Sources */ = {isa = PBXBuildFile; fileRef = 6C0ADE65256D9F4200522733 /* SongTableCell.swift */; };
		6C0ADE68256D9F4200522733 /* SongTableCell.xib in Resources */ = {isa = PBXBuildFile; fileRef = 6C0ADE66256D9F4200522733 /* SongTableCell.xib */; };
		6C0ADE6A256DC4F400522733 /* Observer.swift in Sources */ = {isa = PBXBuildFile; fileRef = 6C0ADE69256DC4F400522733 /* Observer.swift */; };
		6C0ADE72256DFBDD00522733 /* SongsListController.swift in Sources */ = {isa = PBXBuildFile; fileRef = 6C0ADE71256DFBDD00522733 /* SongsListController.swift */; };
		6C0ADE74256DFC6F00522733 /* SongsViewModel.swift in Sources */ = {isa = PBXBuildFile; fileRef = 6C0ADE73256DFC6F00522733 /* SongsViewModel.swift */; };
		6C0AE63E2576BB5200743FBC /* AudioPlayerState.swift in Sources */ = {isa = PBXBuildFile; fileRef = 6C0AE63D2576BB5200743FBC /* AudioPlayerState.swift */; };
		6C0AE6522576C8F000743FBC /* AVPlayer+Rx.swift in Sources */ = {isa = PBXBuildFile; fileRef = 6C0AE6512576C8F000743FBC /* AVPlayer+Rx.swift */; };
		6C6697B625740BFB00182C04 /* AudioPlayer.swift in Sources */ = {isa = PBXBuildFile; fileRef = 6C6697B525740BFA00182C04 /* AudioPlayer.swift */; };
		6C74E29E258E31FC0065FB2D /* Navigation.swift in Sources */ = {isa = PBXBuildFile; fileRef = 6C74E29D258E31FC0065FB2D /* Navigation.swift */; };
		6C74E2A6258E323E0065FB2D /* Destination.swift in Sources */ = {isa = PBXBuildFile; fileRef = 6C74E2A5258E323E0065FB2D /* Destination.swift */; };
		6C8E3A21256FEF7800BEA7C4 /* Song.swift in Sources */ = {isa = PBXBuildFile; fileRef = 6C8E3A20256FEF7800BEA7C4 /* Song.swift */; };
		6C9601AB257FADDD0095DBA8 /* DurationFromatter.swift in Sources */ = {isa = PBXBuildFile; fileRef = 6C9601AA257FADDD0095DBA8 /* DurationFromatter.swift */; };
		6C9601B3257FAEFA0095DBA8 /* PopulerTrack.swift in Sources */ = {isa = PBXBuildFile; fileRef = 6C9601B2257FAEFA0095DBA8 /* PopulerTrack.swift */; };
		6CB8915C2572EF6A004B7989 /* SongsHeaderView.swift in Sources */ = {isa = PBXBuildFile; fileRef = 6CB8915B2572EF6A004B7989 /* SongsHeaderView.swift */; };
		6CCB0A1C25742DB10012EA73 /* FullScreenPlayerController.swift in Sources */ = {isa = PBXBuildFile; fileRef = 6CCB0A1A25742DB10012EA73 /* FullScreenPlayerController.swift */; };
		6CCB0A1D25742DB10012EA73 /* FullScreenPlayerController.xib in Resources */ = {isa = PBXBuildFile; fileRef = 6CCB0A1B25742DB10012EA73 /* FullScreenPlayerController.xib */; };
		6CCB0A2625742FE00012EA73 /* SongWaveViewController.swift in Sources */ = {isa = PBXBuildFile; fileRef = 6CCB0A2425742FE00012EA73 /* SongWaveViewController.swift */; };
		6CCB0A2725742FE00012EA73 /* SongWaveViewController.xib in Resources */ = {isa = PBXBuildFile; fileRef = 6CCB0A2525742FE00012EA73 /* SongWaveViewController.xib */; };
		6CCB15F3256DA065002C556F /* Artist.swift in Sources */ = {isa = PBXBuildFile; fileRef = 6CCB15F2256DA065002C556F /* Artist.swift */; };
		6CCB15F8256DA188002C556F /* PopulerTracksAPI.swift in Sources */ = {isa = PBXBuildFile; fileRef = 6CCB15F7256DA188002C556F /* PopulerTracksAPI.swift */; };
		6CCB15FD256DA2AA002C556F /* ActivityIndicatorView.swift in Sources */ = {isa = PBXBuildFile; fileRef = 6CCB15FC256DA2AA002C556F /* ActivityIndicatorView.swift */; };
		6CD1E4532572F47B0023C788 /* UITableView+Header.swift in Sources */ = {isa = PBXBuildFile; fileRef = 6CD1E4522572F47B0023C788 /* UITableView+Header.swift */; };
		6CD1E45D25730DAD0023C788 /* README.md in Resources */ = {isa = PBXBuildFile; fileRef = 6CD1E45C25730DAD0023C788 /* README.md */; };
		6CD1E487257331D00023C788 /* SongWave.swift in Sources */ = {isa = PBXBuildFile; fileRef = 6CD1E46B25732E790023C788 /* SongWave.swift */; };
		6CD1E48D257331D40023C788 /* DurationLabel.swift in Sources */ = {isa = PBXBuildFile; fileRef = 6CD1E46F25732E790023C788 /* DurationLabel.swift */; };
		6CD1E495257331DF0023C788 /* SongPlusesGenerator.swift in Sources */ = {isa = PBXBuildFile; fileRef = 6CD1E47725732E790023C788 /* SongPlusesGenerator.swift */; };
		6CD4F156256E096B007CC6CD /* PlayerView.xib in Resources */ = {isa = PBXBuildFile; fileRef = 6C45F432256E077E00BA27A8 /* PlayerView.xib */; };
		6CD4F157256E096B007CC6CD /* PlayerView.swift in Sources */ = {isa = PBXBuildFile; fileRef = 6C45F434256E077E00BA27A8 /* PlayerView.swift */; };
		6CD4F159256EE8AB007CC6CD /* PlayerContainer.swift in Sources */ = {isa = PBXBuildFile; fileRef = 6CD4F158256EE8AB007CC6CD /* PlayerContainer.swift */; };
		BD66EFB2F76C4251CD260956 /* Pods_UPlayer_UPlayerUITests.framework in Frameworks */ = {isa = PBXBuildFile; fileRef = C03660141BB5A4CA362724B7 /* Pods_UPlayer_UPlayerUITests.framework */; };
		FA90B67408A0FFF468B10D4E /* Pods_UPlayerTests.framework in Frameworks */ = {isa = PBXBuildFile; fileRef = 95A89BA0FEDC0E84DB16F213 /* Pods_UPlayerTests.framework */; };
/* End PBXBuildFile section */

/* Begin PBXContainerItemProxy section */
		6C0ADE1A256D99BA00522733 /* PBXContainerItemProxy */ = {
			isa = PBXContainerItemProxy;
			containerPortal = 6C0ADDFB256D99B800522733 /* Project object */;
			proxyType = 1;
			remoteGlobalIDString = 6C0ADE02256D99B800522733;
			remoteInfo = MimiMusicPlayer;
		};
		6C0ADE25256D99BA00522733 /* PBXContainerItemProxy */ = {
			isa = PBXContainerItemProxy;
			containerPortal = 6C0ADDFB256D99B800522733 /* Project object */;
			proxyType = 1;
			remoteGlobalIDString = 6C0ADE02256D99B800522733;
			remoteInfo = MimiMusicPlayer;
		};
/* End PBXContainerItemProxy section */

/* Begin PBXFileReference section */
		032CE8DA073172BD9CA15E17 /* Pods-MimiMusicPlayer-MimiMusicPlayerUITests.debug.xcconfig */ = {isa = PBXFileReference; includeInIndex = 1; lastKnownFileType = text.xcconfig; name = "Pods-MimiMusicPlayer-MimiMusicPlayerUITests.debug.xcconfig"; path = "Target Support Files/Pods-MimiMusicPlayer-MimiMusicPlayerUITests/Pods-MimiMusicPlayer-MimiMusicPlayerUITests.debug.xcconfig"; sourceTree = "<group>"; };
		19A646154E25E287F7CF7841 /* Pods-MimiMusicPlayerTests.debug.xcconfig */ = {isa = PBXFileReference; includeInIndex = 1; lastKnownFileType = text.xcconfig; name = "Pods-MimiMusicPlayerTests.debug.xcconfig"; path = "Target Support Files/Pods-MimiMusicPlayerTests/Pods-MimiMusicPlayerTests.debug.xcconfig"; sourceTree = "<group>"; };
		23FD7CB98EB2ADF7A96668F4 /* Pods-MimiMusicPlayerTests.release.xcconfig */ = {isa = PBXFileReference; includeInIndex = 1; lastKnownFileType = text.xcconfig; name = "Pods-MimiMusicPlayerTests.release.xcconfig"; path = "Target Support Files/Pods-MimiMusicPlayerTests/Pods-MimiMusicPlayerTests.release.xcconfig"; sourceTree = "<group>"; };
		2A9640E82CBB5329821EA87D /* Pods-UPlayerTests.debug.xcconfig */ = {isa = PBXFileReference; includeInIndex = 1; lastKnownFileType = text.xcconfig; name = "Pods-UPlayerTests.debug.xcconfig"; path = "Target Support Files/Pods-UPlayerTests/Pods-UPlayerTests.debug.xcconfig"; sourceTree = "<group>"; };
		404436460F53FAADEFF168A5 /* Pods_UPlayer.framework */ = {isa = PBXFileReference; explicitFileType = wrapper.framework; includeInIndex = 0; path = Pods_UPlayer.framework; sourceTree = BUILT_PRODUCTS_DIR; };
		4CBE3290024DF4EF3242545D /* Pods-MimiMusicPlayer.debug.xcconfig */ = {isa = PBXFileReference; includeInIndex = 1; lastKnownFileType = text.xcconfig; name = "Pods-MimiMusicPlayer.debug.xcconfig"; path = "Target Support Files/Pods-MimiMusicPlayer/Pods-MimiMusicPlayer.debug.xcconfig"; sourceTree = "<group>"; };
		5843E732E4C6D67C7300B251 /* Pods-UPlayer-UPlayerUITests.debug.xcconfig */ = {isa = PBXFileReference; includeInIndex = 1; lastKnownFileType = text.xcconfig; name = "Pods-UPlayer-UPlayerUITests.debug.xcconfig"; path = "Target Support Files/Pods-UPlayer-UPlayerUITests/Pods-UPlayer-UPlayerUITests.debug.xcconfig"; sourceTree = "<group>"; };
		66EDECB05DBDE671D70CB5EA /* Pods-UPlayer.release.xcconfig */ = {isa = PBXFileReference; includeInIndex = 1; lastKnownFileType = text.xcconfig; name = "Pods-UPlayer.release.xcconfig"; path = "Target Support Files/Pods-UPlayer/Pods-UPlayer.release.xcconfig"; sourceTree = "<group>"; };
		6C0ADE03256D99B800522733 /* UPlayer.app */ = {isa = PBXFileReference; explicitFileType = wrapper.application; includeInIndex = 0; path = UPlayer.app; sourceTree = BUILT_PRODUCTS_DIR; };
		6C0ADE06256D99B800522733 /* AppDelegate.swift */ = {isa = PBXFileReference; lastKnownFileType = sourcecode.swift; path = AppDelegate.swift; sourceTree = "<group>"; };
		6C0ADE08256D99B800522733 /* SceneDelegate.swift */ = {isa = PBXFileReference; lastKnownFileType = sourcecode.swift; path = SceneDelegate.swift; sourceTree = "<group>"; };
		6C0ADE0C256D99BA00522733 /* Assets.xcassets */ = {isa = PBXFileReference; lastKnownFileType = folder.assetcatalog; path = Assets.xcassets; sourceTree = "<group>"; };
		6C0ADE12256D99BA00522733 /* Base */ = {isa = PBXFileReference; lastKnownFileType = file.storyboard; name = Base; path = Base.lproj/LaunchScreen.storyboard; sourceTree = "<group>"; };
		6C0ADE14256D99BA00522733 /* Info.plist */ = {isa = PBXFileReference; lastKnownFileType = text.plist.xml; path = Info.plist; sourceTree = "<group>"; };
		6C0ADE19256D99BA00522733 /* UPlayerTests.xctest */ = {isa = PBXFileReference; explicitFileType = wrapper.cfbundle; includeInIndex = 0; path = UPlayerTests.xctest; sourceTree = BUILT_PRODUCTS_DIR; };
		6C0ADE1D256D99BA00522733 /* ArtistsViewModelTests.swift */ = {isa = PBXFileReference; lastKnownFileType = sourcecode.swift; path = ArtistsViewModelTests.swift; sourceTree = "<group>"; };
		6C0ADE1F256D99BA00522733 /* Info.plist */ = {isa = PBXFileReference; lastKnownFileType = text.plist.xml; path = Info.plist; sourceTree = "<group>"; };
		6C0ADE24256D99BA00522733 /* UPlayerUITests.xctest */ = {isa = PBXFileReference; explicitFileType = wrapper.cfbundle; includeInIndex = 0; path = UPlayerUITests.xctest; sourceTree = BUILT_PRODUCTS_DIR; };
		6C0ADE28256D99BA00522733 /* UPlayerUITests.swift */ = {isa = PBXFileReference; lastKnownFileType = sourcecode.swift; path = UPlayerUITests.swift; sourceTree = "<group>"; };
		6C0ADE2A256D99BA00522733 /* Info.plist */ = {isa = PBXFileReference; lastKnownFileType = text.plist.xml; path = Info.plist; sourceTree = "<group>"; };
		6C0ADE3C256D9A9700522733 /* PopulerTracksController.swift */ = {isa = PBXFileReference; lastKnownFileType = sourcecode.swift; path = PopulerTracksController.swift; sourceTree = "<group>"; };
		6C0ADE53256D9D9500522733 /* APIClient.swift */ = {isa = PBXFileReference; fileEncoding = 4; lastKnownFileType = sourcecode.swift; path = APIClient.swift; sourceTree = "<group>"; };
		6C0ADE55256D9D9500522733 /* RequestBuilder.swift */ = {isa = PBXFileReference; fileEncoding = 4; lastKnownFileType = sourcecode.swift; path = RequestBuilder.swift; sourceTree = "<group>"; };
		6C0ADE56256D9D9500522733 /* Pageable.swift */ = {isa = PBXFileReference; fileEncoding = 4; lastKnownFileType = sourcecode.swift; path = Pageable.swift; sourceTree = "<group>"; };
		6C0ADE57256D9D9500522733 /* ImageDownloader.swift */ = {isa = PBXFileReference; fileEncoding = 4; lastKnownFileType = sourcecode.swift; path = ImageDownloader.swift; sourceTree = "<group>"; };
		6C0ADE5A256D9D9500522733 /* NetworkError.swift */ = {isa = PBXFileReference; fileEncoding = 4; lastKnownFileType = sourcecode.swift; path = NetworkError.swift; sourceTree = "<group>"; };
		6C0ADE63256D9E3A00522733 /* PopulerTracksViewModel.swift */ = {isa = PBXFileReference; lastKnownFileType = sourcecode.swift; path = PopulerTracksViewModel.swift; sourceTree = "<group>"; };
		6C0ADE65256D9F4200522733 /* SongTableCell.swift */ = {isa = PBXFileReference; lastKnownFileType = sourcecode.swift; path = SongTableCell.swift; sourceTree = "<group>"; };
		6C0ADE66256D9F4200522733 /* SongTableCell.xib */ = {isa = PBXFileReference; lastKnownFileType = file.xib; path = SongTableCell.xib; sourceTree = "<group>"; };
		6C0ADE69256DC4F400522733 /* Observer.swift */ = {isa = PBXFileReference; lastKnownFileType = sourcecode.swift; path = Observer.swift; sourceTree = "<group>"; };
		6C0ADE71256DFBDD00522733 /* SongsListController.swift */ = {isa = PBXFileReference; lastKnownFileType = sourcecode.swift; path = SongsListController.swift; sourceTree = "<group>"; };
		6C0ADE73256DFC6F00522733 /* SongsViewModel.swift */ = {isa = PBXFileReference; lastKnownFileType = sourcecode.swift; path = SongsViewModel.swift; sourceTree = "<group>"; };
		6C0AE63D2576BB5200743FBC /* AudioPlayerState.swift */ = {isa = PBXFileReference; lastKnownFileType = sourcecode.swift; path = AudioPlayerState.swift; sourceTree = "<group>"; };
		6C0AE6512576C8F000743FBC /* AVPlayer+Rx.swift */ = {isa = PBXFileReference; lastKnownFileType = sourcecode.swift; path = "AVPlayer+Rx.swift"; sourceTree = "<group>"; };
		6C45F432256E077E00BA27A8 /* PlayerView.xib */ = {isa = PBXFileReference; lastKnownFileType = file.xib; path = PlayerView.xib; sourceTree = "<group>"; };
		6C45F434256E077E00BA27A8 /* PlayerView.swift */ = {isa = PBXFileReference; lastKnownFileType = sourcecode.swift; path = PlayerView.swift; sourceTree = "<group>"; };
		6C6697B525740BFA00182C04 /* AudioPlayer.swift */ = {isa = PBXFileReference; fileEncoding = 4; lastKnownFileType = sourcecode.swift; path = AudioPlayer.swift; sourceTree = "<group>"; };
		6C74E29D258E31FC0065FB2D /* Navigation.swift */ = {isa = PBXFileReference; lastKnownFileType = sourcecode.swift; path = Navigation.swift; sourceTree = "<group>"; };
		6C74E2A5258E323E0065FB2D /* Destination.swift */ = {isa = PBXFileReference; lastKnownFileType = sourcecode.swift; path = Destination.swift; sourceTree = "<group>"; };
		6C8E3A20256FEF7800BEA7C4 /* Song.swift */ = {isa = PBXFileReference; lastKnownFileType = sourcecode.swift; path = Song.swift; sourceTree = "<group>"; };
		6C9601AA257FADDD0095DBA8 /* DurationFromatter.swift */ = {isa = PBXFileReference; lastKnownFileType = sourcecode.swift; path = DurationFromatter.swift; sourceTree = "<group>"; };
		6C9601B2257FAEFA0095DBA8 /* PopulerTrack.swift */ = {isa = PBXFileReference; lastKnownFileType = sourcecode.swift; path = PopulerTrack.swift; sourceTree = "<group>"; };
		6CB8915B2572EF6A004B7989 /* SongsHeaderView.swift */ = {isa = PBXFileReference; lastKnownFileType = sourcecode.swift; path = SongsHeaderView.swift; sourceTree = "<group>"; };
		6CBDF72A257BD0DA009FC04B /* UPlayer.xctestplan */ = {isa = PBXFileReference; lastKnownFileType = text; path = UPlayer.xctestplan; sourceTree = "<group>"; };
		6CCB0A1A25742DB10012EA73 /* FullScreenPlayerController.swift */ = {isa = PBXFileReference; lastKnownFileType = sourcecode.swift; path = FullScreenPlayerController.swift; sourceTree = "<group>"; };
		6CCB0A1B25742DB10012EA73 /* FullScreenPlayerController.xib */ = {isa = PBXFileReference; lastKnownFileType = file.xib; path = FullScreenPlayerController.xib; sourceTree = "<group>"; };
		6CCB0A2425742FE00012EA73 /* SongWaveViewController.swift */ = {isa = PBXFileReference; lastKnownFileType = sourcecode.swift; path = SongWaveViewController.swift; sourceTree = "<group>"; };
		6CCB0A2525742FE00012EA73 /* SongWaveViewController.xib */ = {isa = PBXFileReference; lastKnownFileType = file.xib; path = SongWaveViewController.xib; sourceTree = "<group>"; };
		6CCB15F2256DA065002C556F /* Artist.swift */ = {isa = PBXFileReference; lastKnownFileType = sourcecode.swift; path = Artist.swift; sourceTree = "<group>"; };
		6CCB15F7256DA188002C556F /* PopulerTracksAPI.swift */ = {isa = PBXFileReference; lastKnownFileType = sourcecode.swift; path = PopulerTracksAPI.swift; sourceTree = "<group>"; };
		6CCB15FC256DA2AA002C556F /* ActivityIndicatorView.swift */ = {isa = PBXFileReference; lastKnownFileType = sourcecode.swift; path = ActivityIndicatorView.swift; sourceTree = "<group>"; };
		6CD1E4522572F47B0023C788 /* UITableView+Header.swift */ = {isa = PBXFileReference; lastKnownFileType = sourcecode.swift; path = "UITableView+Header.swift"; sourceTree = "<group>"; };
		6CD1E45C25730DAD0023C788 /* README.md */ = {isa = PBXFileReference; fileEncoding = 4; lastKnownFileType = net.daringfireball.markdown; path = README.md; sourceTree = "<group>"; };
		6CD1E46B25732E790023C788 /* SongWave.swift */ = {isa = PBXFileReference; lastKnownFileType = sourcecode.swift; path = SongWave.swift; sourceTree = "<group>"; };
		6CD1E46F25732E790023C788 /* DurationLabel.swift */ = {isa = PBXFileReference; lastKnownFileType = sourcecode.swift; path = DurationLabel.swift; sourceTree = "<group>"; };
		6CD1E47725732E790023C788 /* SongPlusesGenerator.swift */ = {isa = PBXFileReference; lastKnownFileType = sourcecode.swift; path = SongPlusesGenerator.swift; sourceTree = "<group>"; };
		6CD4F158256EE8AB007CC6CD /* PlayerContainer.swift */ = {isa = PBXFileReference; lastKnownFileType = sourcecode.swift; path = PlayerContainer.swift; sourceTree = "<group>"; };
		95A89BA0FEDC0E84DB16F213 /* Pods_UPlayerTests.framework */ = {isa = PBXFileReference; explicitFileType = wrapper.framework; includeInIndex = 0; path = Pods_UPlayerTests.framework; sourceTree = BUILT_PRODUCTS_DIR; };
		9B051D45878DAF8FFC2F7A90 /* Pods-UPlayer-UPlayerUITests.release.xcconfig */ = {isa = PBXFileReference; includeInIndex = 1; lastKnownFileType = text.xcconfig; name = "Pods-UPlayer-UPlayerUITests.release.xcconfig"; path = "Target Support Files/Pods-UPlayer-UPlayerUITests/Pods-UPlayer-UPlayerUITests.release.xcconfig"; sourceTree = "<group>"; };
		9D1AB8CD52890FC6D3D19E50 /* Pods-MimiMusicPlayer.release.xcconfig */ = {isa = PBXFileReference; includeInIndex = 1; lastKnownFileType = text.xcconfig; name = "Pods-MimiMusicPlayer.release.xcconfig"; path = "Target Support Files/Pods-MimiMusicPlayer/Pods-MimiMusicPlayer.release.xcconfig"; sourceTree = "<group>"; };
		C03660141BB5A4CA362724B7 /* Pods_UPlayer_UPlayerUITests.framework */ = {isa = PBXFileReference; explicitFileType = wrapper.framework; includeInIndex = 0; path = Pods_UPlayer_UPlayerUITests.framework; sourceTree = BUILT_PRODUCTS_DIR; };
		E1B1DB99DE5C9B48B77D035B /* Pods-UPlayerTests.release.xcconfig */ = {isa = PBXFileReference; includeInIndex = 1; lastKnownFileType = text.xcconfig; name = "Pods-UPlayerTests.release.xcconfig"; path = "Target Support Files/Pods-UPlayerTests/Pods-UPlayerTests.release.xcconfig"; sourceTree = "<group>"; };
		E9CC02DAF50658BD767A56CE /* Pods-MimiMusicPlayer-MimiMusicPlayerUITests.release.xcconfig */ = {isa = PBXFileReference; includeInIndex = 1; lastKnownFileType = text.xcconfig; name = "Pods-MimiMusicPlayer-MimiMusicPlayerUITests.release.xcconfig"; path = "Target Support Files/Pods-MimiMusicPlayer-MimiMusicPlayerUITests/Pods-MimiMusicPlayer-MimiMusicPlayerUITests.release.xcconfig"; sourceTree = "<group>"; };
		EF7E9AEFFEA48A14972F5DBC /* Pods-UPlayer.debug.xcconfig */ = {isa = PBXFileReference; includeInIndex = 1; lastKnownFileType = text.xcconfig; name = "Pods-UPlayer.debug.xcconfig"; path = "Target Support Files/Pods-UPlayer/Pods-UPlayer.debug.xcconfig"; sourceTree = "<group>"; };
/* End PBXFileReference section */

/* Begin PBXFrameworksBuildPhase section */
		6C0ADE00256D99B800522733 /* Frameworks */ = {
			isa = PBXFrameworksBuildPhase;
			buildActionMask = 2147483647;
			files = (
				56C78B2CE22E3C5E3CE6224A /* Pods_UPlayer.framework in Frameworks */,
			);
			runOnlyForDeploymentPostprocessing = 0;
		};
		6C0ADE16256D99BA00522733 /* Frameworks */ = {
			isa = PBXFrameworksBuildPhase;
			buildActionMask = 2147483647;
			files = (
				FA90B67408A0FFF468B10D4E /* Pods_UPlayerTests.framework in Frameworks */,
			);
			runOnlyForDeploymentPostprocessing = 0;
		};
		6C0ADE21256D99BA00522733 /* Frameworks */ = {
			isa = PBXFrameworksBuildPhase;
			buildActionMask = 2147483647;
			files = (
				BD66EFB2F76C4251CD260956 /* Pods_UPlayer_UPlayerUITests.framework in Frameworks */,
			);
			runOnlyForDeploymentPostprocessing = 0;
		};
/* End PBXFrameworksBuildPhase section */

/* Begin PBXGroup section */
		6BE0E095B990F250CAC0D531 /* Pods */ = {
			isa = PBXGroup;
			children = (
				4CBE3290024DF4EF3242545D /* Pods-MimiMusicPlayer.debug.xcconfig */,
				9D1AB8CD52890FC6D3D19E50 /* Pods-MimiMusicPlayer.release.xcconfig */,
				032CE8DA073172BD9CA15E17 /* Pods-MimiMusicPlayer-MimiMusicPlayerUITests.debug.xcconfig */,
				E9CC02DAF50658BD767A56CE /* Pods-MimiMusicPlayer-MimiMusicPlayerUITests.release.xcconfig */,
				19A646154E25E287F7CF7841 /* Pods-MimiMusicPlayerTests.debug.xcconfig */,
				23FD7CB98EB2ADF7A96668F4 /* Pods-MimiMusicPlayerTests.release.xcconfig */,
				EF7E9AEFFEA48A14972F5DBC /* Pods-UPlayer.debug.xcconfig */,
				66EDECB05DBDE671D70CB5EA /* Pods-UPlayer.release.xcconfig */,
				5843E732E4C6D67C7300B251 /* Pods-UPlayer-UPlayerUITests.debug.xcconfig */,
				9B051D45878DAF8FFC2F7A90 /* Pods-UPlayer-UPlayerUITests.release.xcconfig */,
				2A9640E82CBB5329821EA87D /* Pods-UPlayerTests.debug.xcconfig */,
				E1B1DB99DE5C9B48B77D035B /* Pods-UPlayerTests.release.xcconfig */,
			);
			path = Pods;
			sourceTree = "<group>";
		};
		6C0ADDFA256D99B800522733 = {
			isa = PBXGroup;
			children = (
				6CD1E45C25730DAD0023C788 /* README.md */,
				6C0ADE05256D99B800522733 /* UPlayer */,
				6C0ADE1C256D99BA00522733 /* UPlayerTests */,
				6C0ADE27256D99BA00522733 /* UPlayerUITests */,
				6C0ADE04256D99B800522733 /* Products */,
				6BE0E095B990F250CAC0D531 /* Pods */,
				E86339B87679C2CB6C368809 /* Frameworks */,
			);
			sourceTree = "<group>";
		};
		6C0ADE04256D99B800522733 /* Products */ = {
			isa = PBXGroup;
			children = (
				6C0ADE03256D99B800522733 /* UPlayer.app */,
				6C0ADE19256D99BA00522733 /* UPlayerTests.xctest */,
				6C0ADE24256D99BA00522733 /* UPlayerUITests.xctest */,
			);
			name = Products;
			sourceTree = "<group>";
		};
		6C0ADE05256D99B800522733 /* UPlayer */ = {
			isa = PBXGroup;
			children = (
				6C45F422256E048200BA27A8 /* Modules */,
				6C0ADE3B256D9A7F00522733 /* Scenes */,
				6C0ADE3E256D9AD500522733 /* SupportingFiles */,
			);
			path = UPlayer;
			sourceTree = "<group>";
		};
		6C0ADE1C256D99BA00522733 /* UPlayerTests */ = {
			isa = PBXGroup;
			children = (
				6C0ADE1D256D99BA00522733 /* ArtistsViewModelTests.swift */,
				6CBDF72A257BD0DA009FC04B /* UPlayer.xctestplan */,
				6C0ADE1F256D99BA00522733 /* Info.plist */,
			);
			path = UPlayerTests;
			sourceTree = "<group>";
		};
		6C0ADE27256D99BA00522733 /* UPlayerUITests */ = {
			isa = PBXGroup;
			children = (
				6C0ADE28256D99BA00522733 /* UPlayerUITests.swift */,
				6C0ADE2A256D99BA00522733 /* Info.plist */,
			);
			path = UPlayerUITests;
			sourceTree = "<group>";
		};
		6C0ADE3B256D9A7F00522733 /* Scenes */ = {
			isa = PBXGroup;
			children = (
				6C74E29C258E31F20065FB2D /* Shared */,
				6C0ADE75256E00E200522733 /* Common */,
				6C0ADE6C256DFBA300522733 /* Songs */,
				6C0ADE6B256DFB9500522733 /* PopulerTracks */,
				6C45F430256E077E00BA27A8 /* MiniPlayerView */,
				6CD1E46D25732E790023C788 /* FullScreenPlayer */,
			);
			path = Scenes;
			sourceTree = "<group>";
		};
		6C0ADE3E256D9AD500522733 /* SupportingFiles */ = {
			isa = PBXGroup;
			children = (
				6C0ADE06256D99B800522733 /* AppDelegate.swift */,
				6C0ADE08256D99B800522733 /* SceneDelegate.swift */,
				6C0ADE0C256D99BA00522733 /* Assets.xcassets */,
				6C0ADE11256D99BA00522733 /* LaunchScreen.storyboard */,
				6C0ADE14256D99BA00522733 /* Info.plist */,
			);
			path = SupportingFiles;
			sourceTree = "<group>";
		};
		6C0ADE3F256D9CBD00522733 /* Extensions */ = {
			isa = PBXGroup;
			children = (
				6C0ADE57256D9D9500522733 /* ImageDownloader.swift */,
				6CD1E4522572F47B0023C788 /* UITableView+Header.swift */,
				6C0AE6512576C8F000743FBC /* AVPlayer+Rx.swift */,
			);
			path = Extensions;
			sourceTree = "<group>";
		};
		6C0ADE52256D9D9500522733 /* Network */ = {
			isa = PBXGroup;
			children = (
				6C0ADE53256D9D9500522733 /* APIClient.swift */,
				6C0ADE55256D9D9500522733 /* RequestBuilder.swift */,
				6C0ADE56256D9D9500522733 /* Pageable.swift */,
				6C0ADE5A256D9D9500522733 /* NetworkError.swift */,
			);
			path = Network;
			sourceTree = "<group>";
		};
		6C0ADE6B256DFB9500522733 /* PopulerTracks */ = {
			isa = PBXGroup;
			children = (
				6C0ADE3C256D9A9700522733 /* PopulerTracksController.swift */,
				6C0ADE63256D9E3A00522733 /* PopulerTracksViewModel.swift */,
				6CCB15F2256DA065002C556F /* Artist.swift */,
				6CCB15F7256DA188002C556F /* PopulerTracksAPI.swift */,
				6C0ADE69256DC4F400522733 /* Observer.swift */,
			);
			path = PopulerTracks;
			sourceTree = "<group>";
		};
		6C0ADE6C256DFBA300522733 /* Songs */ = {
			isa = PBXGroup;
			children = (
				6C0ADE71256DFBDD00522733 /* SongsListController.swift */,
				6C0ADE73256DFC6F00522733 /* SongsViewModel.swift */,
				6C8E3A20256FEF7800BEA7C4 /* Song.swift */,
				6CB8915B2572EF6A004B7989 /* SongsHeaderView.swift */,
				6C9601B2257FAEFA0095DBA8 /* PopulerTrack.swift */,
			);
			path = Songs;
			sourceTree = "<group>";
		};
		6C0ADE75256E00E200522733 /* Common */ = {
			isa = PBXGroup;
			children = (
				6C0ADE65256D9F4200522733 /* SongTableCell.swift */,
				6C0ADE66256D9F4200522733 /* SongTableCell.xib */,
			);
			path = Common;
			sourceTree = "<group>";
		};
		6C45F422256E048200BA27A8 /* Modules */ = {
			isa = PBXGroup;
			children = (
				6C0ADE3F256D9CBD00522733 /* Extensions */,
				6C45F423256E04A200BA27A8 /* Components */,
				6C0ADE52256D9D9500522733 /* Network */,
			);
			path = Modules;
			sourceTree = "<group>";
		};
		6C45F423256E04A200BA27A8 /* Components */ = {
			isa = PBXGroup;
			children = (
				6CB425AD258B4DCE00DADCED /* UI */,
				6CCB0A34257432E50012EA73 /* AudioPlayer */,
			);
			path = Components;
			sourceTree = "<group>";
		};
		6C45F430256E077E00BA27A8 /* MiniPlayerView */ = {
			isa = PBXGroup;
			children = (
				6C45F432256E077E00BA27A8 /* PlayerView.xib */,
				6C45F434256E077E00BA27A8 /* PlayerView.swift */,
				6CD4F158256EE8AB007CC6CD /* PlayerContainer.swift */,
			);
			path = MiniPlayerView;
			sourceTree = "<group>";
		};
		6C74E29C258E31F20065FB2D /* Shared */ = {
			isa = PBXGroup;
			children = (
				6C74E29D258E31FC0065FB2D /* Navigation.swift */,
				6C74E2A5258E323E0065FB2D /* Destination.swift */,
			);
			path = Shared;
			sourceTree = "<group>";
		};
		6CB425AD258B4DCE00DADCED /* UI */ = {
			isa = PBXGroup;
			children = (
				6CCB15FC256DA2AA002C556F /* ActivityIndicatorView.swift */,
				6CD1E46F25732E790023C788 /* DurationLabel.swift */,
			);
			path = UI;
			sourceTree = "<group>";
		};
		6CCB0A34257432E50012EA73 /* AudioPlayer */ = {
			isa = PBXGroup;
			children = (
				6C9601AA257FADDD0095DBA8 /* DurationFromatter.swift */,
				6CD1E47725732E790023C788 /* SongPlusesGenerator.swift */,
				6C6697B525740BFA00182C04 /* AudioPlayer.swift */,
				6CD1E46B25732E790023C788 /* SongWave.swift */,
				6C0AE63D2576BB5200743FBC /* AudioPlayerState.swift */,
			);
			path = AudioPlayer;
			sourceTree = "<group>";
		};
		6CD1E46D25732E790023C788 /* FullScreenPlayer */ = {
			isa = PBXGroup;
			children = (
				6CCB0A1A25742DB10012EA73 /* FullScreenPlayerController.swift */,
				6CCB0A1B25742DB10012EA73 /* FullScreenPlayerController.xib */,
				6CCB0A2425742FE00012EA73 /* SongWaveViewController.swift */,
				6CCB0A2525742FE00012EA73 /* SongWaveViewController.xib */,
			);
			path = FullScreenPlayer;
			sourceTree = "<group>";
		};
		E86339B87679C2CB6C368809 /* Frameworks */ = {
			isa = PBXGroup;
			children = (
				404436460F53FAADEFF168A5 /* Pods_UPlayer.framework */,
				C03660141BB5A4CA362724B7 /* Pods_UPlayer_UPlayerUITests.framework */,
				95A89BA0FEDC0E84DB16F213 /* Pods_UPlayerTests.framework */,
			);
			name = Frameworks;
			sourceTree = "<group>";
		};
/* End PBXGroup section */

/* Begin PBXNativeTarget section */
		6C0ADE02256D99B800522733 /* UPlayer */ = {
			isa = PBXNativeTarget;
			buildConfigurationList = 6C0ADE2D256D99BA00522733 /* Build configuration list for PBXNativeTarget "UPlayer" */;
			buildPhases = (
				C61874F200FD33CC25EDC304 /* [CP] Check Pods Manifest.lock */,
				6C0ADDFF256D99B800522733 /* Sources */,
				6C0ADE00256D99B800522733 /* Frameworks */,
				6C0ADE01256D99B800522733 /* Resources */,
				6C7476246A717EB40E4AD1A9 /* [CP] Embed Pods Frameworks */,
				6C8E3A28256FF3C500BEA7C4 /* SwiftLint */,
			);
			buildRules = (
			);
			dependencies = (
			);
			name = UPlayer;
			productName = MimiMusicPlayer;
			productReference = 6C0ADE03256D99B800522733 /* UPlayer.app */;
			productType = "com.apple.product-type.application";
		};
		6C0ADE18256D99BA00522733 /* UPlayerTests */ = {
			isa = PBXNativeTarget;
			buildConfigurationList = 6C0ADE30256D99BA00522733 /* Build configuration list for PBXNativeTarget "UPlayerTests" */;
			buildPhases = (
				4E503392AD33E2F4C37527B7 /* [CP] Check Pods Manifest.lock */,
				6C0ADE15256D99BA00522733 /* Sources */,
				6C0ADE16256D99BA00522733 /* Frameworks */,
				6C0ADE17256D99BA00522733 /* Resources */,
				CB3262AADDF784C2A10989BC /* [CP] Embed Pods Frameworks */,
			);
			buildRules = (
			);
			dependencies = (
				6C0ADE1B256D99BA00522733 /* PBXTargetDependency */,
			);
			name = UPlayerTests;
			productName = MimiMusicPlayerTests;
			productReference = 6C0ADE19256D99BA00522733 /* UPlayerTests.xctest */;
			productType = "com.apple.product-type.bundle.unit-test";
		};
		6C0ADE23256D99BA00522733 /* UPlayerUITests */ = {
			isa = PBXNativeTarget;
			buildConfigurationList = 6C0ADE33256D99BA00522733 /* Build configuration list for PBXNativeTarget "UPlayerUITests" */;
			buildPhases = (
				516FB1BDE04347A85D010CAE /* [CP] Check Pods Manifest.lock */,
				6C0ADE20256D99BA00522733 /* Sources */,
				6C0ADE21256D99BA00522733 /* Frameworks */,
				6C0ADE22256D99BA00522733 /* Resources */,
				26C886D046B0E9B310EE3DE0 /* [CP] Embed Pods Frameworks */,
			);
			buildRules = (
			);
			dependencies = (
				6C0ADE26256D99BA00522733 /* PBXTargetDependency */,
			);
			name = UPlayerUITests;
			productName = MimiMusicPlayerUITests;
			productReference = 6C0ADE24256D99BA00522733 /* UPlayerUITests.xctest */;
			productType = "com.apple.product-type.bundle.ui-testing";
		};
/* End PBXNativeTarget section */

/* Begin PBXProject section */
		6C0ADDFB256D99B800522733 /* Project object */ = {
			isa = PBXProject;
			attributes = {
				LastSwiftUpdateCheck = 1150;
				LastUpgradeCheck = 1220;
				ORGANIZATIONNAME = abuzeid;
				TargetAttributes = {
					6C0ADE02256D99B800522733 = {
						CreatedOnToolsVersion = 11.5;
					};
					6C0ADE18256D99BA00522733 = {
						CreatedOnToolsVersion = 11.5;
						TestTargetID = 6C0ADE02256D99B800522733;
					};
					6C0ADE23256D99BA00522733 = {
						CreatedOnToolsVersion = 11.5;
						TestTargetID = 6C0ADE02256D99B800522733;
					};
				};
			};
			buildConfigurationList = 6C0ADDFE256D99B800522733 /* Build configuration list for PBXProject "UPlayer" */;
			compatibilityVersion = "Xcode 9.3";
			developmentRegion = en;
			hasScannedForEncodings = 0;
			knownRegions = (
				en,
				Base,
			);
			mainGroup = 6C0ADDFA256D99B800522733;
			productRefGroup = 6C0ADE04256D99B800522733 /* Products */;
			projectDirPath = "";
			projectRoot = "";
			targets = (
				6C0ADE02256D99B800522733 /* UPlayer */,
				6C0ADE18256D99BA00522733 /* UPlayerTests */,
				6C0ADE23256D99BA00522733 /* UPlayerUITests */,
			);
		};
/* End PBXProject section */

/* Begin PBXResourcesBuildPhase section */
		6C0ADE01256D99B800522733 /* Resources */ = {
			isa = PBXResourcesBuildPhase;
			buildActionMask = 2147483647;
			files = (
				6CD1E45D25730DAD0023C788 /* README.md in Resources */,
				6CCB0A1D25742DB10012EA73 /* FullScreenPlayerController.xib in Resources */,
				6C0ADE68256D9F4200522733 /* SongTableCell.xib in Resources */,
				6CCB0A2725742FE00012EA73 /* SongWaveViewController.xib in Resources */,
				6C0ADE13256D99BA00522733 /* LaunchScreen.storyboard in Resources */,
				6CD4F156256E096B007CC6CD /* PlayerView.xib in Resources */,
				6C0ADE0D256D99BA00522733 /* Assets.xcassets in Resources */,
			);
			runOnlyForDeploymentPostprocessing = 0;
		};
		6C0ADE17256D99BA00522733 /* Resources */ = {
			isa = PBXResourcesBuildPhase;
			buildActionMask = 2147483647;
			files = (
			);
			runOnlyForDeploymentPostprocessing = 0;
		};
		6C0ADE22256D99BA00522733 /* Resources */ = {
			isa = PBXResourcesBuildPhase;
			buildActionMask = 2147483647;
			files = (
			);
			runOnlyForDeploymentPostprocessing = 0;
		};
/* End PBXResourcesBuildPhase section */

/* Begin PBXShellScriptBuildPhase section */
		26C886D046B0E9B310EE3DE0 /* [CP] Embed Pods Frameworks */ = {
			isa = PBXShellScriptBuildPhase;
			buildActionMask = 2147483647;
			files = (
			);
			inputFileListPaths = (
				"${PODS_ROOT}/Target Support Files/Pods-UPlayer-UPlayerUITests/Pods-UPlayer-UPlayerUITests-frameworks-${CONFIGURATION}-input-files.xcfilelist",
			);
			name = "[CP] Embed Pods Frameworks";
			outputFileListPaths = (
				"${PODS_ROOT}/Target Support Files/Pods-UPlayer-UPlayerUITests/Pods-UPlayer-UPlayerUITests-frameworks-${CONFIGURATION}-output-files.xcfilelist",
			);
			runOnlyForDeploymentPostprocessing = 0;
			shellPath = /bin/sh;
			shellScript = "\"${PODS_ROOT}/Target Support Files/Pods-UPlayer-UPlayerUITests/Pods-UPlayer-UPlayerUITests-frameworks.sh\"\n";
			showEnvVarsInLog = 0;
		};
		4E503392AD33E2F4C37527B7 /* [CP] Check Pods Manifest.lock */ = {
			isa = PBXShellScriptBuildPhase;
			buildActionMask = 2147483647;
			files = (
			);
			inputFileListPaths = (
			);
			inputPaths = (
				"${PODS_PODFILE_DIR_PATH}/Podfile.lock",
				"${PODS_ROOT}/Manifest.lock",
			);
			name = "[CP] Check Pods Manifest.lock";
			outputFileListPaths = (
			);
			outputPaths = (
				"$(DERIVED_FILE_DIR)/Pods-UPlayerTests-checkManifestLockResult.txt",
			);
			runOnlyForDeploymentPostprocessing = 0;
			shellPath = /bin/sh;
			shellScript = "diff \"${PODS_PODFILE_DIR_PATH}/Podfile.lock\" \"${PODS_ROOT}/Manifest.lock\" > /dev/null\nif [ $? != 0 ] ; then\n    # print error to STDERR\n    echo \"error: The sandbox is not in sync with the Podfile.lock. Run 'pod install' or update your CocoaPods installation.\" >&2\n    exit 1\nfi\n# This output is used by Xcode 'outputs' to avoid re-running this script phase.\necho \"SUCCESS\" > \"${SCRIPT_OUTPUT_FILE_0}\"\n";
			showEnvVarsInLog = 0;
		};
		516FB1BDE04347A85D010CAE /* [CP] Check Pods Manifest.lock */ = {
			isa = PBXShellScriptBuildPhase;
			buildActionMask = 2147483647;
			files = (
			);
			inputFileListPaths = (
			);
			inputPaths = (
				"${PODS_PODFILE_DIR_PATH}/Podfile.lock",
				"${PODS_ROOT}/Manifest.lock",
			);
			name = "[CP] Check Pods Manifest.lock";
			outputFileListPaths = (
			);
			outputPaths = (
				"$(DERIVED_FILE_DIR)/Pods-UPlayer-UPlayerUITests-checkManifestLockResult.txt",
			);
			runOnlyForDeploymentPostprocessing = 0;
			shellPath = /bin/sh;
			shellScript = "diff \"${PODS_PODFILE_DIR_PATH}/Podfile.lock\" \"${PODS_ROOT}/Manifest.lock\" > /dev/null\nif [ $? != 0 ] ; then\n    # print error to STDERR\n    echo \"error: The sandbox is not in sync with the Podfile.lock. Run 'pod install' or update your CocoaPods installation.\" >&2\n    exit 1\nfi\n# This output is used by Xcode 'outputs' to avoid re-running this script phase.\necho \"SUCCESS\" > \"${SCRIPT_OUTPUT_FILE_0}\"\n";
			showEnvVarsInLog = 0;
		};
		6C7476246A717EB40E4AD1A9 /* [CP] Embed Pods Frameworks */ = {
			isa = PBXShellScriptBuildPhase;
			buildActionMask = 2147483647;
			files = (
			);
			inputFileListPaths = (
				"${PODS_ROOT}/Target Support Files/Pods-UPlayer/Pods-UPlayer-frameworks-${CONFIGURATION}-input-files.xcfilelist",
			);
			name = "[CP] Embed Pods Frameworks";
			outputFileListPaths = (
				"${PODS_ROOT}/Target Support Files/Pods-UPlayer/Pods-UPlayer-frameworks-${CONFIGURATION}-output-files.xcfilelist",
			);
			runOnlyForDeploymentPostprocessing = 0;
			shellPath = /bin/sh;
			shellScript = "\"${PODS_ROOT}/Target Support Files/Pods-UPlayer/Pods-UPlayer-frameworks.sh\"\n";
			showEnvVarsInLog = 0;
		};
		6C8E3A28256FF3C500BEA7C4 /* SwiftLint */ = {
			isa = PBXShellScriptBuildPhase;
			buildActionMask = 12;
			files = (
			);
			inputFileListPaths = (
			);
			inputPaths = (
			);
			name = SwiftLint;
			outputFileListPaths = (
			);
			outputPaths = (
			);
			runOnlyForDeploymentPostprocessing = 0;
			shellPath = /bin/sh;
			shellScript = "if which swiftlint >/dev/null; then\n  swiftlint\nelse\n  echo \"warning: SwiftLint not installed, download from https://github.com/realm/SwiftLint\"\nfi\n";
		};
		C61874F200FD33CC25EDC304 /* [CP] Check Pods Manifest.lock */ = {
			isa = PBXShellScriptBuildPhase;
			buildActionMask = 2147483647;
			files = (
			);
			inputFileListPaths = (
			);
			inputPaths = (
				"${PODS_PODFILE_DIR_PATH}/Podfile.lock",
				"${PODS_ROOT}/Manifest.lock",
			);
			name = "[CP] Check Pods Manifest.lock";
			outputFileListPaths = (
			);
			outputPaths = (
				"$(DERIVED_FILE_DIR)/Pods-UPlayer-checkManifestLockResult.txt",
			);
			runOnlyForDeploymentPostprocessing = 0;
			shellPath = /bin/sh;
			shellScript = "diff \"${PODS_PODFILE_DIR_PATH}/Podfile.lock\" \"${PODS_ROOT}/Manifest.lock\" > /dev/null\nif [ $? != 0 ] ; then\n    # print error to STDERR\n    echo \"error: The sandbox is not in sync with the Podfile.lock. Run 'pod install' or update your CocoaPods installation.\" >&2\n    exit 1\nfi\n# This output is used by Xcode 'outputs' to avoid re-running this script phase.\necho \"SUCCESS\" > \"${SCRIPT_OUTPUT_FILE_0}\"\n";
			showEnvVarsInLog = 0;
		};
		CB3262AADDF784C2A10989BC /* [CP] Embed Pods Frameworks */ = {
			isa = PBXShellScriptBuildPhase;
			buildActionMask = 2147483647;
			files = (
			);
			inputFileListPaths = (
				"${PODS_ROOT}/Target Support Files/Pods-UPlayerTests/Pods-UPlayerTests-frameworks-${CONFIGURATION}-input-files.xcfilelist",
			);
			name = "[CP] Embed Pods Frameworks";
			outputFileListPaths = (
				"${PODS_ROOT}/Target Support Files/Pods-UPlayerTests/Pods-UPlayerTests-frameworks-${CONFIGURATION}-output-files.xcfilelist",
			);
			runOnlyForDeploymentPostprocessing = 0;
			shellPath = /bin/sh;
			shellScript = "\"${PODS_ROOT}/Target Support Files/Pods-UPlayerTests/Pods-UPlayerTests-frameworks.sh\"\n";
			showEnvVarsInLog = 0;
		};
/* End PBXShellScriptBuildPhase section */

/* Begin PBXSourcesBuildPhase section */
		6C0ADDFF256D99B800522733 /* Sources */ = {
			isa = PBXSourcesBuildPhase;
			buildActionMask = 2147483647;
			files = (
				6C9601B3257FAEFA0095DBA8 /* PopulerTrack.swift in Sources */,
				6C0AE63E2576BB5200743FBC /* AudioPlayerState.swift in Sources */,
				6C0ADE5D256D9D9500522733 /* RequestBuilder.swift in Sources */,
				6C0ADE07256D99B800522733 /* AppDelegate.swift in Sources */,
				6CD4F157256E096B007CC6CD /* PlayerView.swift in Sources */,
				6C0ADE74256DFC6F00522733 /* SongsViewModel.swift in Sources */,
				6C0ADE3D256D9A9700522733 /* PopulerTracksController.swift in Sources */,
				6C8E3A21256FEF7800BEA7C4 /* Song.swift in Sources */,
				6C0ADE62256D9D9500522733 /* NetworkError.swift in Sources */,
				6C0ADE67256D9F4200522733 /* SongTableCell.swift in Sources */,
				6CCB0A1C25742DB10012EA73 /* FullScreenPlayerController.swift in Sources */,
				6C0ADE5F256D9D9500522733 /* ImageDownloader.swift in Sources */,
				6C0ADE5E256D9D9500522733 /* Pageable.swift in Sources */,
				6CD1E4532572F47B0023C788 /* UITableView+Header.swift in Sources */,
				6C0AE6522576C8F000743FBC /* AVPlayer+Rx.swift in Sources */,
				6C0ADE6A256DC4F400522733 /* Observer.swift in Sources */,
				6C0ADE5B256D9D9500522733 /* APIClient.swift in Sources */,
				6C9601AB257FADDD0095DBA8 /* DurationFromatter.swift in Sources */,
				6CD1E48D257331D40023C788 /* DurationLabel.swift in Sources */,
				6CB8915C2572EF6A004B7989 /* SongsHeaderView.swift in Sources */,
				6CD4F159256EE8AB007CC6CD /* PlayerContainer.swift in Sources */,
				6CCB15F8256DA188002C556F /* PopulerTracksAPI.swift in Sources */,
				6CCB15FD256DA2AA002C556F /* ActivityIndicatorView.swift in Sources */,
				6C0ADE72256DFBDD00522733 /* SongsListController.swift in Sources */,
				6C6697B625740BFB00182C04 /* AudioPlayer.swift in Sources */,
				6CCB0A2625742FE00012EA73 /* SongWaveViewController.swift in Sources */,
				6CD1E495257331DF0023C788 /* SongPlusesGenerator.swift in Sources */,
				6C74E29E258E31FC0065FB2D /* Navigation.swift in Sources */,
				6C0ADE09256D99B800522733 /* SceneDelegate.swift in Sources */,
				6CD1E487257331D00023C788 /* SongWave.swift in Sources */,
				6CCB15F3256DA065002C556F /* Artist.swift in Sources */,
				6C0ADE64256D9E3A00522733 /* PopulerTracksViewModel.swift in Sources */,
				6C74E2A6258E323E0065FB2D /* Destination.swift in Sources */,
			);
			runOnlyForDeploymentPostprocessing = 0;
		};
		6C0ADE15256D99BA00522733 /* Sources */ = {
			isa = PBXSourcesBuildPhase;
			buildActionMask = 2147483647;
			files = (
				6C0ADE1E256D99BA00522733 /* ArtistsViewModelTests.swift in Sources */,
			);
			runOnlyForDeploymentPostprocessing = 0;
		};
		6C0ADE20256D99BA00522733 /* Sources */ = {
			isa = PBXSourcesBuildPhase;
			buildActionMask = 2147483647;
			files = (
				6C0ADE29256D99BA00522733 /* UPlayerUITests.swift in Sources */,
			);
			runOnlyForDeploymentPostprocessing = 0;
		};
/* End PBXSourcesBuildPhase section */

/* Begin PBXTargetDependency section */
		6C0ADE1B256D99BA00522733 /* PBXTargetDependency */ = {
			isa = PBXTargetDependency;
			target = 6C0ADE02256D99B800522733 /* UPlayer */;
			targetProxy = 6C0ADE1A256D99BA00522733 /* PBXContainerItemProxy */;
		};
		6C0ADE26256D99BA00522733 /* PBXTargetDependency */ = {
			isa = PBXTargetDependency;
			target = 6C0ADE02256D99B800522733 /* UPlayer */;
			targetProxy = 6C0ADE25256D99BA00522733 /* PBXContainerItemProxy */;
		};
/* End PBXTargetDependency section */

/* Begin PBXVariantGroup section */
		6C0ADE11256D99BA00522733 /* LaunchScreen.storyboard */ = {
			isa = PBXVariantGroup;
			children = (
				6C0ADE12256D99BA00522733 /* Base */,
			);
			name = LaunchScreen.storyboard;
			sourceTree = "<group>";
		};
/* End PBXVariantGroup section */

/* Begin XCBuildConfiguration section */
		6C0ADE2B256D99BA00522733 /* Debug */ = {
			isa = XCBuildConfiguration;
			buildSettings = {
				ALWAYS_SEARCH_USER_PATHS = NO;
				CLANG_ANALYZER_NONNULL = YES;
				CLANG_ANALYZER_NUMBER_OBJECT_CONVERSION = YES_AGGRESSIVE;
				CLANG_CXX_LANGUAGE_STANDARD = "gnu++14";
				CLANG_CXX_LIBRARY = "libc++";
				CLANG_ENABLE_MODULES = YES;
				CLANG_ENABLE_OBJC_ARC = YES;
				CLANG_ENABLE_OBJC_WEAK = YES;
				CLANG_WARN_BLOCK_CAPTURE_AUTORELEASING = YES;
				CLANG_WARN_BOOL_CONVERSION = YES;
				CLANG_WARN_COMMA = YES;
				CLANG_WARN_CONSTANT_CONVERSION = YES;
				CLANG_WARN_DEPRECATED_OBJC_IMPLEMENTATIONS = YES;
				CLANG_WARN_DIRECT_OBJC_ISA_USAGE = YES_ERROR;
				CLANG_WARN_DOCUMENTATION_COMMENTS = YES;
				CLANG_WARN_EMPTY_BODY = YES;
				CLANG_WARN_ENUM_CONVERSION = YES;
				CLANG_WARN_INFINITE_RECURSION = YES;
				CLANG_WARN_INT_CONVERSION = YES;
				CLANG_WARN_NON_LITERAL_NULL_CONVERSION = YES;
				CLANG_WARN_OBJC_IMPLICIT_RETAIN_SELF = YES;
				CLANG_WARN_OBJC_LITERAL_CONVERSION = YES;
				CLANG_WARN_OBJC_ROOT_CLASS = YES_ERROR;
				CLANG_WARN_QUOTED_INCLUDE_IN_FRAMEWORK_HEADER = YES;
				CLANG_WARN_RANGE_LOOP_ANALYSIS = YES;
				CLANG_WARN_STRICT_PROTOTYPES = YES;
				CLANG_WARN_SUSPICIOUS_MOVE = YES;
				CLANG_WARN_UNGUARDED_AVAILABILITY = YES_AGGRESSIVE;
				CLANG_WARN_UNREACHABLE_CODE = YES;
				CLANG_WARN__DUPLICATE_METHOD_MATCH = YES;
				COPY_PHASE_STRIP = NO;
				DEBUG_INFORMATION_FORMAT = dwarf;
				ENABLE_STRICT_OBJC_MSGSEND = YES;
				ENABLE_TESTABILITY = YES;
				GCC_C_LANGUAGE_STANDARD = gnu11;
				GCC_DYNAMIC_NO_PIC = NO;
				GCC_NO_COMMON_BLOCKS = YES;
				GCC_OPTIMIZATION_LEVEL = 0;
				GCC_PREPROCESSOR_DEFINITIONS = (
					"DEBUG=1",
					"$(inherited)",
				);
				GCC_WARN_64_TO_32_BIT_CONVERSION = YES;
				GCC_WARN_ABOUT_RETURN_TYPE = YES_ERROR;
				GCC_WARN_UNDECLARED_SELECTOR = YES;
				GCC_WARN_UNINITIALIZED_AUTOS = YES_AGGRESSIVE;
				GCC_WARN_UNUSED_FUNCTION = YES;
				GCC_WARN_UNUSED_VARIABLE = YES;
				IPHONEOS_DEPLOYMENT_TARGET = 12.0;
				MTL_ENABLE_DEBUG_INFO = INCLUDE_SOURCE;
				MTL_FAST_MATH = YES;
				ONLY_ACTIVE_ARCH = YES;
				SDKROOT = iphoneos;
				SWIFT_ACTIVE_COMPILATION_CONDITIONS = DEBUG;
				SWIFT_OPTIMIZATION_LEVEL = "-Onone";
			};
			name = Debug;
		};
		6C0ADE2C256D99BA00522733 /* Release */ = {
			isa = XCBuildConfiguration;
			buildSettings = {
				ALWAYS_SEARCH_USER_PATHS = NO;
				CLANG_ANALYZER_NONNULL = YES;
				CLANG_ANALYZER_NUMBER_OBJECT_CONVERSION = YES_AGGRESSIVE;
				CLANG_CXX_LANGUAGE_STANDARD = "gnu++14";
				CLANG_CXX_LIBRARY = "libc++";
				CLANG_ENABLE_MODULES = YES;
				CLANG_ENABLE_OBJC_ARC = YES;
				CLANG_ENABLE_OBJC_WEAK = YES;
				CLANG_WARN_BLOCK_CAPTURE_AUTORELEASING = YES;
				CLANG_WARN_BOOL_CONVERSION = YES;
				CLANG_WARN_COMMA = YES;
				CLANG_WARN_CONSTANT_CONVERSION = YES;
				CLANG_WARN_DEPRECATED_OBJC_IMPLEMENTATIONS = YES;
				CLANG_WARN_DIRECT_OBJC_ISA_USAGE = YES_ERROR;
				CLANG_WARN_DOCUMENTATION_COMMENTS = YES;
				CLANG_WARN_EMPTY_BODY = YES;
				CLANG_WARN_ENUM_CONVERSION = YES;
				CLANG_WARN_INFINITE_RECURSION = YES;
				CLANG_WARN_INT_CONVERSION = YES;
				CLANG_WARN_NON_LITERAL_NULL_CONVERSION = YES;
				CLANG_WARN_OBJC_IMPLICIT_RETAIN_SELF = YES;
				CLANG_WARN_OBJC_LITERAL_CONVERSION = YES;
				CLANG_WARN_OBJC_ROOT_CLASS = YES_ERROR;
				CLANG_WARN_QUOTED_INCLUDE_IN_FRAMEWORK_HEADER = YES;
				CLANG_WARN_RANGE_LOOP_ANALYSIS = YES;
				CLANG_WARN_STRICT_PROTOTYPES = YES;
				CLANG_WARN_SUSPICIOUS_MOVE = YES;
				CLANG_WARN_UNGUARDED_AVAILABILITY = YES_AGGRESSIVE;
				CLANG_WARN_UNREACHABLE_CODE = YES;
				CLANG_WARN__DUPLICATE_METHOD_MATCH = YES;
				COPY_PHASE_STRIP = NO;
				DEBUG_INFORMATION_FORMAT = "dwarf-with-dsym";
				ENABLE_NS_ASSERTIONS = NO;
				ENABLE_STRICT_OBJC_MSGSEND = YES;
				GCC_C_LANGUAGE_STANDARD = gnu11;
				GCC_NO_COMMON_BLOCKS = YES;
				GCC_WARN_64_TO_32_BIT_CONVERSION = YES;
				GCC_WARN_ABOUT_RETURN_TYPE = YES_ERROR;
				GCC_WARN_UNDECLARED_SELECTOR = YES;
				GCC_WARN_UNINITIALIZED_AUTOS = YES_AGGRESSIVE;
				GCC_WARN_UNUSED_FUNCTION = YES;
				GCC_WARN_UNUSED_VARIABLE = YES;
				IPHONEOS_DEPLOYMENT_TARGET = 12.0;
				MTL_ENABLE_DEBUG_INFO = NO;
				MTL_FAST_MATH = YES;
				SDKROOT = iphoneos;
				SWIFT_COMPILATION_MODE = wholemodule;
				SWIFT_OPTIMIZATION_LEVEL = "-O";
				VALIDATE_PRODUCT = YES;
			};
			name = Release;
		};
		6C0ADE2E256D99BA00522733 /* Debug */ = {
			isa = XCBuildConfiguration;
			baseConfigurationReference = EF7E9AEFFEA48A14972F5DBC /* Pods-UPlayer.debug.xcconfig */;
			buildSettings = {
				ASSETCATALOG_COMPILER_APPICON_NAME = AppIcon;
				CODE_SIGN_STYLE = Automatic;
				DEVELOPMENT_ASSET_PATHS = "";
				DEVELOPMENT_TEAM = 475YN7ANSF;
				ENABLE_PREVIEWS = YES;
				GCC_SYMBOLS_PRIVATE_EXTERN = YES;
				INFOPLIST_FILE = UPlayer/SupportingFiles/Info.plist;
				LD_RUNPATH_SEARCH_PATHS = (
					"$(inherited)",
					"@executable_path/Frameworks",
				);
				PRODUCT_BUNDLE_IDENTIFIER = abozaid.uplayer;
				PRODUCT_NAME = "$(TARGET_NAME)";
				SWIFT_VERSION = 5.0;
				TARGETED_DEVICE_FAMILY = 1;
			};
			name = Debug;
		};
		6C0ADE2F256D99BA00522733 /* Release */ = {
			isa = XCBuildConfiguration;
			baseConfigurationReference = 66EDECB05DBDE671D70CB5EA /* Pods-UPlayer.release.xcconfig */;
			buildSettings = {
				ASSETCATALOG_COMPILER_APPICON_NAME = AppIcon;
				CODE_SIGN_STYLE = Automatic;
				DEVELOPMENT_ASSET_PATHS = "";
				DEVELOPMENT_TEAM = 475YN7ANSF;
				ENABLE_PREVIEWS = YES;
				GCC_SYMBOLS_PRIVATE_EXTERN = YES;
				INFOPLIST_FILE = UPlayer/SupportingFiles/Info.plist;
				LD_RUNPATH_SEARCH_PATHS = (
					"$(inherited)",
					"@executable_path/Frameworks",
				);
				PRODUCT_BUNDLE_IDENTIFIER = abozaid.uplayer;
				PRODUCT_NAME = "$(TARGET_NAME)";
				SWIFT_VERSION = 5.0;
				TARGETED_DEVICE_FAMILY = 1;
			};
			name = Release;
		};
		6C0ADE31256D99BA00522733 /* Debug */ = {
			isa = XCBuildConfiguration;
			baseConfigurationReference = 2A9640E82CBB5329821EA87D /* Pods-UPlayerTests.debug.xcconfig */;
			buildSettings = {
				ALWAYS_EMBED_SWIFT_STANDARD_LIBRARIES = YES;
				BUNDLE_LOADER = "$(TEST_HOST)";
				CODE_SIGN_STYLE = Automatic;
				DEVELOPMENT_TEAM = 475YN7ANSF;
				INFOPLIST_FILE = UPlayerTests/Info.plist;
				IPHONEOS_DEPLOYMENT_TARGET = 12.0;
				LD_RUNPATH_SEARCH_PATHS = (
					"$(inherited)",
					"@executable_path/Frameworks",
					"@loader_path/Frameworks",
				);
				PRODUCT_BUNDLE_IDENTIFIER = abozaid.UPlayerTests;
				PRODUCT_NAME = "$(TARGET_NAME)";
				SWIFT_VERSION = 5.0;
				TARGETED_DEVICE_FAMILY = "1,2";
				TEST_HOST = "$(BUILT_PRODUCTS_DIR)/UPlayer.app/UPlayer";
			};
			name = Debug;
		};
		6C0ADE32256D99BA00522733 /* Release */ = {
			isa = XCBuildConfiguration;
			baseConfigurationReference = E1B1DB99DE5C9B48B77D035B /* Pods-UPlayerTests.release.xcconfig */;
			buildSettings = {
				ALWAYS_EMBED_SWIFT_STANDARD_LIBRARIES = YES;
				BUNDLE_LOADER = "$(TEST_HOST)";
				CODE_SIGN_STYLE = Automatic;
				DEVELOPMENT_TEAM = 475YN7ANSF;
				INFOPLIST_FILE = UPlayerTests/Info.plist;
				IPHONEOS_DEPLOYMENT_TARGET = 12.0;
				LD_RUNPATH_SEARCH_PATHS = (
					"$(inherited)",
					"@executable_path/Frameworks",
					"@loader_path/Frameworks",
				);
				PRODUCT_BUNDLE_IDENTIFIER = abozaid.UPlayerTests;
				PRODUCT_NAME = "$(TARGET_NAME)";
				SWIFT_VERSION = 5.0;
				TARGETED_DEVICE_FAMILY = "1,2";
				TEST_HOST = "$(BUILT_PRODUCTS_DIR)/UPlayer.app/UPlayer";
			};
			name = Release;
		};
		6C0ADE34256D99BA00522733 /* Debug */ = {
			isa = XCBuildConfiguration;
			baseConfigurationReference = 5843E732E4C6D67C7300B251 /* Pods-UPlayer-UPlayerUITests.debug.xcconfig */;
			buildSettings = {
				ALWAYS_EMBED_SWIFT_STANDARD_LIBRARIES = YES;
				CODE_SIGN_STYLE = Automatic;
				DEVELOPMENT_TEAM = 475YN7ANSF;
				INFOPLIST_FILE = UPlayerUITests/Info.plist;
				LD_RUNPATH_SEARCH_PATHS = (
					"$(inherited)",
					"@executable_path/Frameworks",
					"@loader_path/Frameworks",
				);
				PRODUCT_BUNDLE_IDENTIFIER = abozaid.UPlayerUITests;
				PRODUCT_NAME = "$(TARGET_NAME)";
				SWIFT_VERSION = 5.0;
				TARGETED_DEVICE_FAMILY = "1,2";
				TEST_TARGET_NAME = UPlayerUITests;
			};
			name = Debug;
		};
		6C0ADE35256D99BA00522733 /* Release */ = {
			isa = XCBuildConfiguration;
			baseConfigurationReference = 9B051D45878DAF8FFC2F7A90 /* Pods-UPlayer-UPlayerUITests.release.xcconfig */;
			buildSettings = {
				ALWAYS_EMBED_SWIFT_STANDARD_LIBRARIES = YES;
				CODE_SIGN_STYLE = Automatic;
				DEVELOPMENT_TEAM = 475YN7ANSF;
				INFOPLIST_FILE = UPlayerUITests/Info.plist;
				LD_RUNPATH_SEARCH_PATHS = (
					"$(inherited)",
					"@executable_path/Frameworks",
					"@loader_path/Frameworks",
				);
				PRODUCT_BUNDLE_IDENTIFIER = abozaid.UPlayerUITests;
				PRODUCT_NAME = "$(TARGET_NAME)";
				SWIFT_VERSION = 5.0;
				TARGETED_DEVICE_FAMILY = "1,2";
				TEST_TARGET_NAME = UPlayerUITests;
			};
			name = Release;
		};
/* End XCBuildConfiguration section */

/* Begin XCConfigurationList section */
		6C0ADDFE256D99B800522733 /* Build configuration list for PBXProject "UPlayer" */ = {
			isa = XCConfigurationList;
			buildConfigurations = (
				6C0ADE2B256D99BA00522733 /* Debug */,
				6C0ADE2C256D99BA00522733 /* Release */,
			);
			defaultConfigurationIsVisible = 0;
			defaultConfigurationName = Release;
		};
		6C0ADE2D256D99BA00522733 /* Build configuration list for PBXNativeTarget "UPlayer" */ = {
			isa = XCConfigurationList;
			buildConfigurations = (
				6C0ADE2E256D99BA00522733 /* Debug */,
				6C0ADE2F256D99BA00522733 /* Release */,
			);
			defaultConfigurationIsVisible = 0;
			defaultConfigurationName = Release;
		};
		6C0ADE30256D99BA00522733 /* Build configuration list for PBXNativeTarget "UPlayerTests" */ = {
			isa = XCConfigurationList;
			buildConfigurations = (
				6C0ADE31256D99BA00522733 /* Debug */,
				6C0ADE32256D99BA00522733 /* Release */,
			);
			defaultConfigurationIsVisible = 0;
			defaultConfigurationName = Release;
		};
		6C0ADE33256D99BA00522733 /* Build configuration list for PBXNativeTarget "UPlayerUITests" */ = {
			isa = XCConfigurationList;
			buildConfigurations = (
				6C0ADE34256D99BA00522733 /* Debug */,
				6C0ADE35256D99BA00522733 /* Release */,
			);
			defaultConfigurationIsVisible = 0;
			defaultConfigurationName = Release;
		};
/* End XCConfigurationList section */
	};
	rootObject = 6C0ADDFB256D99B800522733 /* Project object */;
}
